// !$*UTF8*$!
{
	archiveVersion = 1;
	classes = {
	};
	objectVersion = 46;
	objects = {

/* Begin PBXBuildFile section */
		070D7A04113AFA6D007645BB /* ZeroKitConstants.h in Headers */ = {isa = PBXBuildFile; fileRef = 070D7A03113AFA6D007645BB /* ZeroKitConstants.h */; settings = {ATTRIBUTES = (Public, ); }; };
		070D7AFB113B11C2007645BB /* ZeroKit.h in Headers */ = {isa = PBXBuildFile; fileRef = 070D7AFA113B11C2007645BB /* ZeroKit.h */; settings = {ATTRIBUTES = (Public, ); }; };
		0715853711432B88003D3454 /* InfoPlist.strings in Resources */ = {isa = PBXBuildFile; fileRef = 0715853511432B88003D3454 /* InfoPlist.strings */; };
		07172B7B11377CD90058CFF9 /* ZeroKitUtilities.h in Headers */ = {isa = PBXBuildFile; fileRef = 07172B7911377CD90058CFF9 /* ZeroKitUtilities.h */; settings = {ATTRIBUTES = (Public, ); }; };
		07172B7C11377CD90058CFF9 /* ZeroKitUtilities.m in Sources */ = {isa = PBXBuildFile; fileRef = 07172B7A11377CD90058CFF9 /* ZeroKitUtilities.m */; };
		07172B7F11377CF90058CFF9 /* ZeroKitPreferencePaneManager.h in Headers */ = {isa = PBXBuildFile; fileRef = 07172B7D11377CF90058CFF9 /* ZeroKitPreferencePaneManager.h */; };
		07172B8011377CF90058CFF9 /* ZeroKitPreferencePaneManager.m in Sources */ = {isa = PBXBuildFile; fileRef = 07172B7E11377CF90058CFF9 /* ZeroKitPreferencePaneManager.m */; };
		07172B8311377D1B0058CFF9 /* ZeroKitPreferencePaneProtocol.h in Headers */ = {isa = PBXBuildFile; fileRef = 07172B8211377D1B0058CFF9 /* ZeroKitPreferencePaneProtocol.h */; settings = {ATTRIBUTES = (Public, ); }; };
		07172B8A11377D490058CFF9 /* ZeroKitPreferencesWindowController.h in Headers */ = {isa = PBXBuildFile; fileRef = 07172B8811377D490058CFF9 /* ZeroKitPreferencesWindowController.h */; settings = {ATTRIBUTES = (Public, ); }; };
		07172B8B11377D490058CFF9 /* ZeroKitPreferencesWindowController.m in Sources */ = {isa = PBXBuildFile; fileRef = 07172B8911377D490058CFF9 /* ZeroKitPreferencesWindowController.m */; };
		0789F620148DABBE00929A10 /* ZeroKitHotKeyValidator.h in Headers */ = {isa = PBXBuildFile; fileRef = 0789F61E148DABBE00929A10 /* ZeroKitHotKeyValidator.h */; settings = {ATTRIBUTES = (); }; };
		0789F621148DABBE00929A10 /* ZeroKitHotKeyValidator.m in Sources */ = {isa = PBXBuildFile; fileRef = 0789F61F148DABBE00929A10 /* ZeroKitHotKeyValidator.m */; };
		07B6B74E148AD820003F924A /* Localizable.strings in Resources */ = {isa = PBXBuildFile; fileRef = 07B6B74C148AD820003F924A /* Localizable.strings */; };
		07D91E371138E29B00FA237A /* ZeroKitPreferencesWindow.xib in Resources */ = {isa = PBXBuildFile; fileRef = 07D91E351138E29B00FA237A /* ZeroKitPreferencesWindow.xib */; };
		07E9256F13552F3F00ECC319 /* ZeroKitURLConnectionManager.h in Headers */ = {isa = PBXBuildFile; fileRef = 07E9256D13552F3F00ECC319 /* ZeroKitURLConnectionManager.h */; settings = {ATTRIBUTES = (Public, ); }; };
		07E9257013552F3F00ECC319 /* ZeroKitURLConnectionManager.m in Sources */ = {isa = PBXBuildFile; fileRef = 07E9256E13552F3F00ECC319 /* ZeroKitURLConnectionManager.m */; };
		07E9257313552F5100ECC319 /* ZeroKitURLConnection.h in Headers */ = {isa = PBXBuildFile; fileRef = 07E9257113552F5100ECC319 /* ZeroKitURLConnection.h */; settings = {ATTRIBUTES = (Public, ); }; };
		07E9257413552F5100ECC319 /* ZeroKitURLConnection.m in Sources */ = {isa = PBXBuildFile; fileRef = 07E9257213552F5100ECC319 /* ZeroKitURLConnection.m */; };
		07E9257D13552F8C00ECC319 /* ZeroKitURLConnectionDelegate.h in Headers */ = {isa = PBXBuildFile; fileRef = 07E9257C13552F8C00ECC319 /* ZeroKitURLConnectionDelegate.h */; settings = {ATTRIBUTES = (Public, ); }; };
		07E925871355344A00ECC319 /* NSStringAdditions.h in Headers */ = {isa = PBXBuildFile; fileRef = 07E925851355344A00ECC319 /* NSStringAdditions.h */; settings = {ATTRIBUTES = (Public, ); }; };
		07E925881355344A00ECC319 /* NSStringAdditions.m in Sources */ = {isa = PBXBuildFile; fileRef = 07E925861355344A00ECC319 /* NSStringAdditions.m */; };
		2D1AE51E15D7115000EAC5BD /* ZeroKitHotKeyValidatorProtocol.h in Headers */ = {isa = PBXBuildFile; fileRef = 2D1AE51D15D7115000EAC5BD /* ZeroKitHotKeyValidatorProtocol.h */; settings = {ATTRIBUTES = (Public, ); }; };
		2D8AA346148D49430032D9E3 /* NSAttributedStringAdditions.h in Headers */ = {isa = PBXBuildFile; fileRef = 2D8AA344148D49430032D9E3 /* NSAttributedStringAdditions.h */; settings = {ATTRIBUTES = (Public, ); }; };
		2D8AA347148D49430032D9E3 /* NSAttributedStringAdditions.m in Sources */ = {isa = PBXBuildFile; fileRef = 2D8AA345148D49430032D9E3 /* NSAttributedStringAdditions.m */; };
		2DBF58DF14742BAE00419F7E /* ZeroKitAccessibilityElement.h in Headers */ = {isa = PBXBuildFile; fileRef = 2DBF58DD14742BAE00419F7E /* ZeroKitAccessibilityElement.h */; settings = {ATTRIBUTES = (Public, ); }; };
		2DBF58E014742BAE00419F7E /* ZeroKitAccessibilityElement.m in Sources */ = {isa = PBXBuildFile; fileRef = 2DBF58DE14742BAE00419F7E /* ZeroKitAccessibilityElement.m */; };
		2DBF58E714742C7700419F7E /* ZeroKitHotKeyTranslator.h in Headers */ = {isa = PBXBuildFile; fileRef = 2DBF58E314742C7700419F7E /* ZeroKitHotKeyTranslator.h */; settings = {ATTRIBUTES = (Public, ); }; };
		2DBF58E814742C7700419F7E /* ZeroKitHotKeyTranslator.m in Sources */ = {isa = PBXBuildFile; fileRef = 2DBF58E414742C7700419F7E /* ZeroKitHotKeyTranslator.m */; };
		2DBF58ED14742C8600419F7E /* ZeroKitHotKeyRecorder.h in Headers */ = {isa = PBXBuildFile; fileRef = 2DBF58E914742C8600419F7E /* ZeroKitHotKeyRecorder.h */; settings = {ATTRIBUTES = (Public, ); }; };
		2DBF58EE14742C8600419F7E /* ZeroKitHotKeyRecorder.m in Sources */ = {isa = PBXBuildFile; fileRef = 2DBF58EA14742C8600419F7E /* ZeroKitHotKeyRecorder.m */; };
		2DBF58EF14742C8600419F7E /* ZeroKitHotKeyRecorderCell.h in Headers */ = {isa = PBXBuildFile; fileRef = 2DBF58EB14742C8600419F7E /* ZeroKitHotKeyRecorderCell.h */; };
		2DBF58F014742C8600419F7E /* ZeroKitHotKeyRecorderCell.m in Sources */ = {isa = PBXBuildFile; fileRef = 2DBF58EC14742C8600419F7E /* ZeroKitHotKeyRecorderCell.m */; };
		2DBF58F214742C9300419F7E /* ZeroKitHotKeyRecorderDelegate.h in Headers */ = {isa = PBXBuildFile; fileRef = 2DBF58F114742C9300419F7E /* ZeroKitHotKeyRecorderDelegate.h */; settings = {ATTRIBUTES = (Public, ); }; };
		2DBF58F714742CA100419F7E /* ZeroKitHotKey.h in Headers */ = {isa = PBXBuildFile; fileRef = 2DBF58F314742CA100419F7E /* ZeroKitHotKey.h */; settings = {ATTRIBUTES = (Public, ); }; };
		2DBF58F814742CA100419F7E /* ZeroKitHotKey.m in Sources */ = {isa = PBXBuildFile; fileRef = 2DBF58F414742CA100419F7E /* ZeroKitHotKey.m */; };
		2DBF58F914742CA100419F7E /* ZeroKitHotKeyAction.h in Headers */ = {isa = PBXBuildFile; fileRef = 2DBF58F514742CA100419F7E /* ZeroKitHotKeyAction.h */; settings = {ATTRIBUTES = (Public, ); }; };
		2DBF58FA14742CA100419F7E /* ZeroKitHotKeyAction.m in Sources */ = {isa = PBXBuildFile; fileRef = 2DBF58F614742CA100419F7E /* ZeroKitHotKeyAction.m */; };
		2DBF5906147437D300419F7E /* SpecialHotKeyTranslations.plist in Resources */ = {isa = PBXBuildFile; fileRef = 2DBF5905147437D300419F7E /* SpecialHotKeyTranslations.plist */; };
		2DBF59081474381200419F7E /* Carbon.framework in Frameworks */ = {isa = PBXBuildFile; fileRef = 2DBF59071474381200419F7E /* Carbon.framework */; };
		8DC2EF570486A6940098B216 /* Cocoa.framework in Frameworks */ = {isa = PBXBuildFile; fileRef = 1058C7B1FEA5585E11CA2CBB /* Cocoa.framework */; };
/* End PBXBuildFile section */

/* Begin PBXFileReference section */
		070D7A03113AFA6D007645BB /* ZeroKitConstants.h */ = {isa = PBXFileReference; fileEncoding = 4; lastKnownFileType = sourcecode.c.h; path = ZeroKitConstants.h; sourceTree = "<group>"; };
		070D7AFA113B11C2007645BB /* ZeroKit.h */ = {isa = PBXFileReference; fileEncoding = 4; lastKnownFileType = sourcecode.c.h; path = ZeroKit.h; sourceTree = "<group>"; };
		0715853611432B88003D3454 /* English */ = {isa = PBXFileReference; fileEncoding = 10; lastKnownFileType = text.plist.strings; name = English; path = Languages/English.lproj/InfoPlist.strings; sourceTree = "<group>"; };
		07172B12113777CC0058CFF9 /* ZeroKit-Info.plist */ = {isa = PBXFileReference; fileEncoding = 4; lastKnownFileType = text.plist.xml; name = "ZeroKit-Info.plist"; path = "Resources/Property Lists/ZeroKit-Info.plist"; sourceTree = "<group>"; };
		07172B23113777FF0058CFF9 /* Common.xcconfig */ = {isa = PBXFileReference; fileEncoding = 4; lastKnownFileType = text.xcconfig; name = Common.xcconfig; path = Configurations/Common.xcconfig; sourceTree = "<group>"; };
		07172B24113777FF0058CFF9 /* CommonDevelopment.xcconfig */ = {isa = PBXFileReference; fileEncoding = 4; lastKnownFileType = text.xcconfig; name = CommonDevelopment.xcconfig; path = Configurations/CommonDevelopment.xcconfig; sourceTree = "<group>"; };
		07172B25113777FF0058CFF9 /* CommonRelease.xcconfig */ = {isa = PBXFileReference; fileEncoding = 4; lastKnownFileType = text.xcconfig; name = CommonRelease.xcconfig; path = Configurations/CommonRelease.xcconfig; sourceTree = "<group>"; };
		07172B26113777FF0058CFF9 /* ZeroKit.xcconfig */ = {isa = PBXFileReference; fileEncoding = 4; lastKnownFileType = text.xcconfig; name = ZeroKit.xcconfig; path = Configurations/ZeroKit.xcconfig; sourceTree = "<group>"; };
		07172B27113777FF0058CFF9 /* ZeroKitDevelopment.xcconfig */ = {isa = PBXFileReference; fileEncoding = 4; lastKnownFileType = text.xcconfig; name = ZeroKitDevelopment.xcconfig; path = Configurations/ZeroKitDevelopment.xcconfig; sourceTree = "<group>"; };
		07172B28113777FF0058CFF9 /* ZeroKitRelease.xcconfig */ = {isa = PBXFileReference; fileEncoding = 4; lastKnownFileType = text.xcconfig; name = ZeroKitRelease.xcconfig; path = Configurations/ZeroKitRelease.xcconfig; sourceTree = "<group>"; };
		07172B7911377CD90058CFF9 /* ZeroKitUtilities.h */ = {isa = PBXFileReference; fileEncoding = 4; lastKnownFileType = sourcecode.c.h; path = ZeroKitUtilities.h; sourceTree = "<group>"; };
		07172B7A11377CD90058CFF9 /* ZeroKitUtilities.m */ = {isa = PBXFileReference; fileEncoding = 4; lastKnownFileType = sourcecode.c.objc; path = ZeroKitUtilities.m; sourceTree = "<group>"; };
		07172B7D11377CF90058CFF9 /* ZeroKitPreferencePaneManager.h */ = {isa = PBXFileReference; fileEncoding = 4; lastKnownFileType = sourcecode.c.h; path = ZeroKitPreferencePaneManager.h; sourceTree = "<group>"; };
		07172B7E11377CF90058CFF9 /* ZeroKitPreferencePaneManager.m */ = {isa = PBXFileReference; fileEncoding = 4; lastKnownFileType = sourcecode.c.objc; path = ZeroKitPreferencePaneManager.m; sourceTree = "<group>"; };
		07172B8211377D1B0058CFF9 /* ZeroKitPreferencePaneProtocol.h */ = {isa = PBXFileReference; fileEncoding = 4; lastKnownFileType = sourcecode.c.h; path = ZeroKitPreferencePaneProtocol.h; sourceTree = "<group>"; };
		07172B8811377D490058CFF9 /* ZeroKitPreferencesWindowController.h */ = {isa = PBXFileReference; fileEncoding = 4; lastKnownFileType = sourcecode.c.h; path = ZeroKitPreferencesWindowController.h; sourceTree = "<group>"; };
		07172B8911377D490058CFF9 /* ZeroKitPreferencesWindowController.m */ = {isa = PBXFileReference; fileEncoding = 4; lastKnownFileType = sourcecode.c.objc; path = ZeroKitPreferencesWindowController.m; sourceTree = "<group>"; };
		0789F61E148DABBE00929A10 /* ZeroKitHotKeyValidator.h */ = {isa = PBXFileReference; fileEncoding = 4; lastKnownFileType = sourcecode.c.h; path = ZeroKitHotKeyValidator.h; sourceTree = "<group>"; };
		0789F61F148DABBE00929A10 /* ZeroKitHotKeyValidator.m */ = {isa = PBXFileReference; fileEncoding = 4; lastKnownFileType = sourcecode.c.objc; path = ZeroKitHotKeyValidator.m; sourceTree = "<group>"; };
		07B6B74D148AD820003F924A /* English */ = {isa = PBXFileReference; lastKnownFileType = text.plist.strings; name = English; path = Languages/English.lproj/Localizable.strings; sourceTree = "<group>"; };
		07D91E361138E29B00FA237A /* English */ = {isa = PBXFileReference; lastKnownFileType = file.xib; name = English; path = Languages/English.lproj/ZeroKitPreferencesWindow.xib; sourceTree = "<group>"; };
		07E9256D13552F3F00ECC319 /* ZeroKitURLConnectionManager.h */ = {isa = PBXFileReference; fileEncoding = 4; lastKnownFileType = sourcecode.c.h; path = ZeroKitURLConnectionManager.h; sourceTree = "<group>"; };
		07E9256E13552F3F00ECC319 /* ZeroKitURLConnectionManager.m */ = {isa = PBXFileReference; fileEncoding = 4; lastKnownFileType = sourcecode.c.objc; path = ZeroKitURLConnectionManager.m; sourceTree = "<group>"; };
		07E9257113552F5100ECC319 /* ZeroKitURLConnection.h */ = {isa = PBXFileReference; fileEncoding = 4; lastKnownFileType = sourcecode.c.h; path = ZeroKitURLConnection.h; sourceTree = "<group>"; };
		07E9257213552F5100ECC319 /* ZeroKitURLConnection.m */ = {isa = PBXFileReference; fileEncoding = 4; lastKnownFileType = sourcecode.c.objc; path = ZeroKitURLConnection.m; sourceTree = "<group>"; };
		07E9257C13552F8C00ECC319 /* ZeroKitURLConnectionDelegate.h */ = {isa = PBXFileReference; fileEncoding = 4; lastKnownFileType = sourcecode.c.h; path = ZeroKitURLConnectionDelegate.h; sourceTree = "<group>"; };
		07E925851355344A00ECC319 /* NSStringAdditions.h */ = {isa = PBXFileReference; fileEncoding = 4; lastKnownFileType = sourcecode.c.h; path = NSStringAdditions.h; sourceTree = "<group>"; };
		07E925861355344A00ECC319 /* NSStringAdditions.m */ = {isa = PBXFileReference; fileEncoding = 4; lastKnownFileType = sourcecode.c.objc; path = NSStringAdditions.m; sourceTree = "<group>"; };
		0867D69BFE84028FC02AAC07 /* Foundation.framework */ = {isa = PBXFileReference; lastKnownFileType = wrapper.framework; name = Foundation.framework; path = /System/Library/Frameworks/Foundation.framework; sourceTree = "<absolute>"; };
		0867D6A5FE840307C02AAC07 /* AppKit.framework */ = {isa = PBXFileReference; lastKnownFileType = wrapper.framework; name = AppKit.framework; path = /System/Library/Frameworks/AppKit.framework; sourceTree = "<absolute>"; };
		1058C7B1FEA5585E11CA2CBB /* Cocoa.framework */ = {isa = PBXFileReference; lastKnownFileType = wrapper.framework; name = Cocoa.framework; path = /System/Library/Frameworks/Cocoa.framework; sourceTree = "<absolute>"; };
		2D1AE51D15D7115000EAC5BD /* ZeroKitHotKeyValidatorProtocol.h */ = {isa = PBXFileReference; fileEncoding = 4; lastKnownFileType = sourcecode.c.h; path = ZeroKitHotKeyValidatorProtocol.h; sourceTree = "<group>"; };
		2D8AA344148D49430032D9E3 /* NSAttributedStringAdditions.h */ = {isa = PBXFileReference; fileEncoding = 4; lastKnownFileType = sourcecode.c.h; path = NSAttributedStringAdditions.h; sourceTree = "<group>"; };
		2D8AA345148D49430032D9E3 /* NSAttributedStringAdditions.m */ = {isa = PBXFileReference; fileEncoding = 4; lastKnownFileType = sourcecode.c.objc; path = NSAttributedStringAdditions.m; sourceTree = "<group>"; };
		2DBF58DD14742BAE00419F7E /* ZeroKitAccessibilityElement.h */ = {isa = PBXFileReference; fileEncoding = 4; lastKnownFileType = sourcecode.c.h; path = ZeroKitAccessibilityElement.h; sourceTree = "<group>"; };
		2DBF58DE14742BAE00419F7E /* ZeroKitAccessibilityElement.m */ = {isa = PBXFileReference; fileEncoding = 4; lastKnownFileType = sourcecode.c.objc; path = ZeroKitAccessibilityElement.m; sourceTree = "<group>"; };
		2DBF58E314742C7700419F7E /* ZeroKitHotKeyTranslator.h */ = {isa = PBXFileReference; fileEncoding = 4; lastKnownFileType = sourcecode.c.h; path = ZeroKitHotKeyTranslator.h; sourceTree = "<group>"; };
		2DBF58E414742C7700419F7E /* ZeroKitHotKeyTranslator.m */ = {isa = PBXFileReference; fileEncoding = 4; lastKnownFileType = sourcecode.c.objc; path = ZeroKitHotKeyTranslator.m; sourceTree = "<group>"; };
		2DBF58E914742C8600419F7E /* ZeroKitHotKeyRecorder.h */ = {isa = PBXFileReference; fileEncoding = 4; lastKnownFileType = sourcecode.c.h; path = ZeroKitHotKeyRecorder.h; sourceTree = "<group>"; };
		2DBF58EA14742C8600419F7E /* ZeroKitHotKeyRecorder.m */ = {isa = PBXFileReference; fileEncoding = 4; lastKnownFileType = sourcecode.c.objc; path = ZeroKitHotKeyRecorder.m; sourceTree = "<group>"; };
		2DBF58EB14742C8600419F7E /* ZeroKitHotKeyRecorderCell.h */ = {isa = PBXFileReference; fileEncoding = 4; lastKnownFileType = sourcecode.c.h; path = ZeroKitHotKeyRecorderCell.h; sourceTree = "<group>"; };
		2DBF58EC14742C8600419F7E /* ZeroKitHotKeyRecorderCell.m */ = {isa = PBXFileReference; fileEncoding = 4; lastKnownFileType = sourcecode.c.objc; path = ZeroKitHotKeyRecorderCell.m; sourceTree = "<group>"; };
		2DBF58F114742C9300419F7E /* ZeroKitHotKeyRecorderDelegate.h */ = {isa = PBXFileReference; fileEncoding = 4; lastKnownFileType = sourcecode.c.h; path = ZeroKitHotKeyRecorderDelegate.h; sourceTree = "<group>"; };
		2DBF58F314742CA100419F7E /* ZeroKitHotKey.h */ = {isa = PBXFileReference; fileEncoding = 4; lastKnownFileType = sourcecode.c.h; path = ZeroKitHotKey.h; sourceTree = "<group>"; };
		2DBF58F414742CA100419F7E /* ZeroKitHotKey.m */ = {isa = PBXFileReference; fileEncoding = 4; lastKnownFileType = sourcecode.c.objc; path = ZeroKitHotKey.m; sourceTree = "<group>"; };
		2DBF58F514742CA100419F7E /* ZeroKitHotKeyAction.h */ = {isa = PBXFileReference; fileEncoding = 4; lastKnownFileType = sourcecode.c.h; path = ZeroKitHotKeyAction.h; sourceTree = "<group>"; };
		2DBF58F614742CA100419F7E /* ZeroKitHotKeyAction.m */ = {isa = PBXFileReference; fileEncoding = 4; lastKnownFileType = sourcecode.c.objc; path = ZeroKitHotKeyAction.m; sourceTree = "<group>"; };
		2DBF5905147437D300419F7E /* SpecialHotKeyTranslations.plist */ = {isa = PBXFileReference; fileEncoding = 4; lastKnownFileType = text.plist.xml; name = SpecialHotKeyTranslations.plist; path = "Resources/Property Lists/SpecialHotKeyTranslations.plist"; sourceTree = "<group>"; };
		2DBF59071474381200419F7E /* Carbon.framework */ = {isa = PBXFileReference; lastKnownFileType = wrapper.framework; name = Carbon.framework; path = System/Library/Frameworks/Carbon.framework; sourceTree = SDKROOT; };
		32DBCF5E0370ADEE00C91783 /* ZeroKit.pch */ = {isa = PBXFileReference; fileEncoding = 4; lastKnownFileType = sourcecode.c.h; path = ZeroKit.pch; sourceTree = "<group>"; };
		8DC2EF5B0486A6940098B216 /* ZeroKit.framework */ = {isa = PBXFileReference; explicitFileType = wrapper.framework; includeInIndex = 0; path = ZeroKit.framework; sourceTree = BUILT_PRODUCTS_DIR; };
/* End PBXFileReference section */

/* Begin PBXFrameworksBuildPhase section */
		8DC2EF560486A6940098B216 /* Frameworks */ = {
			isa = PBXFrameworksBuildPhase;
			buildActionMask = 2147483647;
			files = (
				2DBF59081474381200419F7E /* Carbon.framework in Frameworks */,
				8DC2EF570486A6940098B216 /* Cocoa.framework in Frameworks */,
			);
			runOnlyForDeploymentPostprocessing = 0;
		};
/* End PBXFrameworksBuildPhase section */

/* Begin PBXGroup section */
		034768DFFF38A50411DB9C8B /* Products */ = {
			isa = PBXGroup;
			children = (
				8DC2EF5B0486A6940098B216 /* ZeroKit.framework */,
			);
			name = Products;
			sourceTree = "<group>";
		};
		07172B0B113776480058CFF9 /* Configurations */ = {
			isa = PBXGroup;
			children = (
				07172B23113777FF0058CFF9 /* Common.xcconfig */,
				07172B24113777FF0058CFF9 /* CommonDevelopment.xcconfig */,
				07172B25113777FF0058CFF9 /* CommonRelease.xcconfig */,
				07172B26113777FF0058CFF9 /* ZeroKit.xcconfig */,
				07172B27113777FF0058CFF9 /* ZeroKitDevelopment.xcconfig */,
				07172B28113777FF0058CFF9 /* ZeroKitRelease.xcconfig */,
			);
			name = Configurations;
			sourceTree = "<group>";
		};
		07172B0C113776520058CFF9 /* Localized Strings */ = {
			isa = PBXGroup;
			children = (
				0715853511432B88003D3454 /* InfoPlist.strings */,
				07B6B74C148AD820003F924A /* Localizable.strings */,
			);
			name = "Localized Strings";
			sourceTree = "<group>";
		};
		07172B0D1137765B0058CFF9 /* Property Lists */ = {
			isa = PBXGroup;
			children = (
				2DBF5905147437D300419F7E /* SpecialHotKeyTranslations.plist */,
				07172B12113777CC0058CFF9 /* ZeroKit-Info.plist */,
			);
			name = "Property Lists";
			sourceTree = "<group>";
		};
		07172B7211377C260058CFF9 /* Common */ = {
			isa = PBXGroup;
			children = (
				2DBF58DC14742AA200419F7E /* Accessibility */,
				07E925841355343A00ECC319 /* Additions */,
				076BE6EA13E0F96300C608A6 /* Concurrency */,
				2DBF58DB14742A3800419F7E /* Hot Keys */,
				076BE6E913E0F94F00C608A6 /* HTTP */,
				076BE6E813E0F92800C608A6 /* Preference Panes */,
				07172B7911377CD90058CFF9 /* ZeroKitUtilities.h */,
				07172B7A11377CD90058CFF9 /* ZeroKitUtilities.m */,
			);
			name = Common;
			sourceTree = "<group>";
		};
		07172B7311377C2D0058CFF9 /* Controllers */ = {
			isa = PBXGroup;
			children = (
				07172B8811377D490058CFF9 /* ZeroKitPreferencesWindowController.h */,
				07172B8911377D490058CFF9 /* ZeroKitPreferencesWindowController.m */,
			);
			name = Controllers;
			sourceTree = "<group>";
		};
		07172B7411377C490058CFF9 /* Models */ = {
			isa = PBXGroup;
			children = (
				07E9257B13552F7E00ECC319 /* Delegates */,
				07172B8111377D0B0058CFF9 /* Protocols */,
				2DBF58F314742CA100419F7E /* ZeroKitHotKey.h */,
				2DBF58F414742CA100419F7E /* ZeroKitHotKey.m */,
				2DBF58F514742CA100419F7E /* ZeroKitHotKeyAction.h */,
				2DBF58F614742CA100419F7E /* ZeroKitHotKeyAction.m */,
				07E9257113552F5100ECC319 /* ZeroKitURLConnection.h */,
				07E9257213552F5100ECC319 /* ZeroKitURLConnection.m */,
			);
			name = Models;
			sourceTree = "<group>";
		};
		07172B7511377C500058CFF9 /* Views */ = {
			isa = PBXGroup;
			children = (
			);
			name = Views;
			sourceTree = "<group>";
		};
		07172B8111377D0B0058CFF9 /* Protocols */ = {
			isa = PBXGroup;
			children = (
				2D1AE51D15D7115000EAC5BD /* ZeroKitHotKeyValidatorProtocol.h */,
				07172B8211377D1B0058CFF9 /* ZeroKitPreferencePaneProtocol.h */,
			);
			name = Protocols;
			sourceTree = "<group>";
		};
		076BE6E813E0F92800C608A6 /* Preference Panes */ = {
			isa = PBXGroup;
			children = (
				07172B7D11377CF90058CFF9 /* ZeroKitPreferencePaneManager.h */,
				07172B7E11377CF90058CFF9 /* ZeroKitPreferencePaneManager.m */,
			);
			name = "Preference Panes";
			sourceTree = "<group>";
		};
		076BE6E913E0F94F00C608A6 /* HTTP */ = {
			isa = PBXGroup;
			children = (
				07E9256D13552F3F00ECC319 /* ZeroKitURLConnectionManager.h */,
				07E9256E13552F3F00ECC319 /* ZeroKitURLConnectionManager.m */,
			);
			name = HTTP;
			sourceTree = "<group>";
		};
		076BE6EA13E0F96300C608A6 /* Concurrency */ = {
			isa = PBXGroup;
			children = (
			);
			name = Concurrency;
			sourceTree = "<group>";
		};
		07D91E341138E28B00FA237A /* Interface Builder */ = {
			isa = PBXGroup;
			children = (
				07D91E351138E29B00FA237A /* ZeroKitPreferencesWindow.xib */,
			);
			name = "Interface Builder";
			sourceTree = "<group>";
		};
		07E9257B13552F7E00ECC319 /* Delegates */ = {
			isa = PBXGroup;
			children = (
				07E9257C13552F8C00ECC319 /* ZeroKitURLConnectionDelegate.h */,
			);
			name = Delegates;
			sourceTree = "<group>";
		};
		07E925841355343A00ECC319 /* Additions */ = {
			isa = PBXGroup;
			children = (
				2D8AA344148D49430032D9E3 /* NSAttributedStringAdditions.h */,
				2D8AA345148D49430032D9E3 /* NSAttributedStringAdditions.m */,
				07E925851355344A00ECC319 /* NSStringAdditions.h */,
				07E925861355344A00ECC319 /* NSStringAdditions.m */,
			);
			name = Additions;
			sourceTree = "<group>";
		};
		0867D691FE84028FC02AAC07 /* ZeroKit */ = {
			isa = PBXGroup;
			children = (
				08FB77AEFE84172EC02AAC07 /* Classes */,
				32C88DFF0371C24200C91783 /* Other Sources */,
				089C1665FE841158C02AAC07 /* Resources */,
				0867D69AFE84028FC02AAC07 /* Frameworks */,
				034768DFFF38A50411DB9C8B /* Products */,
			);
			name = ZeroKit;
			sourceTree = "<group>";
		};
		0867D69AFE84028FC02AAC07 /* Frameworks */ = {
			isa = PBXGroup;
			children = (
				1058C7B1FEA5585E11CA2CBB /* Cocoa.framework */,
				1058C7B2FEA5585E11CA2CBB /* Other Frameworks */,
			);
			name = Frameworks;
			sourceTree = "<group>";
		};
		089C1665FE841158C02AAC07 /* Resources */ = {
			isa = PBXGroup;
			children = (
				07172B0B113776480058CFF9 /* Configurations */,
				07D91E341138E28B00FA237A /* Interface Builder */,
				07172B0C113776520058CFF9 /* Localized Strings */,
				07172B0D1137765B0058CFF9 /* Property Lists */,
			);
			name = Resources;
			sourceTree = "<group>";
		};
		08FB77AEFE84172EC02AAC07 /* Classes */ = {
			isa = PBXGroup;
			children = (
				07172B7211377C260058CFF9 /* Common */,
				07172B7311377C2D0058CFF9 /* Controllers */,
				2DBF58D914742A0000419F7E /* Controls */,
				07172B7411377C490058CFF9 /* Models */,
				07172B7511377C500058CFF9 /* Views */,
			);
			name = Classes;
			sourceTree = "<group>";
		};
		1058C7B2FEA5585E11CA2CBB /* Other Frameworks */ = {
			isa = PBXGroup;
			children = (
				0867D6A5FE840307C02AAC07 /* AppKit.framework */,
				2DBF59071474381200419F7E /* Carbon.framework */,
				0867D69BFE84028FC02AAC07 /* Foundation.framework */,
			);
			name = "Other Frameworks";
			sourceTree = "<group>";
		};
		2DBF58D914742A0000419F7E /* Controls */ = {
			isa = PBXGroup;
			children = (
				2DBF58DA14742A1800419F7E /* Delegates */,
				2DBF58E914742C8600419F7E /* ZeroKitHotKeyRecorder.h */,
				2DBF58EA14742C8600419F7E /* ZeroKitHotKeyRecorder.m */,
				2DBF58EB14742C8600419F7E /* ZeroKitHotKeyRecorderCell.h */,
				2DBF58EC14742C8600419F7E /* ZeroKitHotKeyRecorderCell.m */,
			);
			name = Controls;
			sourceTree = "<group>";
		};
		2DBF58DA14742A1800419F7E /* Delegates */ = {
			isa = PBXGroup;
			children = (
				2DBF58F114742C9300419F7E /* ZeroKitHotKeyRecorderDelegate.h */,
			);
			name = Delegates;
			sourceTree = "<group>";
		};
		2DBF58DB14742A3800419F7E /* Hot Keys */ = {
			isa = PBXGroup;
			children = (
				2DBF58E314742C7700419F7E /* ZeroKitHotKeyTranslator.h */,
				2DBF58E414742C7700419F7E /* ZeroKitHotKeyTranslator.m */,
				0789F61E148DABBE00929A10 /* ZeroKitHotKeyValidator.h */,
				0789F61F148DABBE00929A10 /* ZeroKitHotKeyValidator.m */,
			);
			name = "Hot Keys";
			sourceTree = "<group>";
		};
		2DBF58DC14742AA200419F7E /* Accessibility */ = {
			isa = PBXGroup;
			children = (
				2DBF58DD14742BAE00419F7E /* ZeroKitAccessibilityElement.h */,
				2DBF58DE14742BAE00419F7E /* ZeroKitAccessibilityElement.m */,
			);
			name = Accessibility;
			sourceTree = "<group>";
		};
		32C88DFF0371C24200C91783 /* Other Sources */ = {
			isa = PBXGroup;
			children = (
				070D7AFA113B11C2007645BB /* ZeroKit.h */,
				32DBCF5E0370ADEE00C91783 /* ZeroKit.pch */,
				070D7A03113AFA6D007645BB /* ZeroKitConstants.h */,
			);
			name = "Other Sources";
			sourceTree = "<group>";
		};
/* End PBXGroup section */

/* Begin PBXHeadersBuildPhase section */
		8DC2EF500486A6940098B216 /* Headers */ = {
			isa = PBXHeadersBuildPhase;
			buildActionMask = 2147483647;
			files = (
				2D8AA346148D49430032D9E3 /* NSAttributedStringAdditions.h in Headers */,
				07E925871355344A00ECC319 /* NSStringAdditions.h in Headers */,
				070D7AFB113B11C2007645BB /* ZeroKit.h in Headers */,
				2DBF58DF14742BAE00419F7E /* ZeroKitAccessibilityElement.h in Headers */,
				070D7A04113AFA6D007645BB /* ZeroKitConstants.h in Headers */,
				2DBF58F714742CA100419F7E /* ZeroKitHotKey.h in Headers */,
				2DBF58F914742CA100419F7E /* ZeroKitHotKeyAction.h in Headers */,
				2DBF58ED14742C8600419F7E /* ZeroKitHotKeyRecorder.h in Headers */,
				2DBF58F214742C9300419F7E /* ZeroKitHotKeyRecorderDelegate.h in Headers */,
				2DBF58E714742C7700419F7E /* ZeroKitHotKeyTranslator.h in Headers */,
				2D1AE51E15D7115000EAC5BD /* ZeroKitHotKeyValidatorProtocol.h in Headers */,
				07172B8A11377D490058CFF9 /* ZeroKitPreferencesWindowController.h in Headers */,
				07172B8311377D1B0058CFF9 /* ZeroKitPreferencePaneProtocol.h in Headers */,
				07E9257313552F5100ECC319 /* ZeroKitURLConnection.h in Headers */,
				07E9257D13552F8C00ECC319 /* ZeroKitURLConnectionDelegate.h in Headers */,
				07E9256F13552F3F00ECC319 /* ZeroKitURLConnectionManager.h in Headers */,
				2DBF58EF14742C8600419F7E /* ZeroKitHotKeyRecorderCell.h in Headers */,
				07172B7B11377CD90058CFF9 /* ZeroKitUtilities.h in Headers */,
				0789F620148DABBE00929A10 /* ZeroKitHotKeyValidator.h in Headers */,
				07172B7F11377CF90058CFF9 /* ZeroKitPreferencePaneManager.h in Headers */,
			);
			runOnlyForDeploymentPostprocessing = 0;
		};
/* End PBXHeadersBuildPhase section */

/* Begin PBXNativeTarget section */
		8DC2EF4F0486A6940098B216 /* ZeroKit */ = {
			isa = PBXNativeTarget;
			buildConfigurationList = 1DEB91AD08733DA50010E9CD /* Build configuration list for PBXNativeTarget "ZeroKit" */;
			buildPhases = (
				8DC2EF500486A6940098B216 /* Headers */,
				8DC2EF520486A6940098B216 /* Resources */,
				8DC2EF540486A6940098B216 /* Sources */,
				8DC2EF560486A6940098B216 /* Frameworks */,
				0715863F1143460D003D3454 /* Run Script: Include Git commit hash */,
			);
			buildRules = (
			);
			dependencies = (
			);
			name = ZeroKit;
			productInstallPath = "$(HOME)/Library/Frameworks";
			productName = ZeroKit;
			productReference = 8DC2EF5B0486A6940098B216 /* ZeroKit.framework */;
			productType = "com.apple.product-type.framework";
		};
/* End PBXNativeTarget section */

/* Begin PBXProject section */
		0867D690FE84028FC02AAC07 /* Project object */ = {
			isa = PBXProject;
			attributes = {
				LastUpgradeCheck = 0440;
			};
			buildConfigurationList = 1DEB91B108733DA50010E9CD /* Build configuration list for PBXProject "ZeroKit" */;
			compatibilityVersion = "Xcode 3.2";
			developmentRegion = English;
			hasScannedForEncodings = 1;
			knownRegions = (
				English,
				Japanese,
				French,
				German,
			);
			mainGroup = 0867D691FE84028FC02AAC07 /* ZeroKit */;
			productRefGroup = 034768DFFF38A50411DB9C8B /* Products */;
			projectDirPath = "";
			projectRoot = "";
			targets = (
				8DC2EF4F0486A6940098B216 /* ZeroKit */,
			);
		};
/* End PBXProject section */

/* Begin PBXResourcesBuildPhase section */
		8DC2EF520486A6940098B216 /* Resources */ = {
			isa = PBXResourcesBuildPhase;
			buildActionMask = 2147483647;
			files = (
				0715853711432B88003D3454 /* InfoPlist.strings in Resources */,
				07B6B74E148AD820003F924A /* Localizable.strings in Resources */,
				2DBF5906147437D300419F7E /* SpecialHotKeyTranslations.plist in Resources */,
				07D91E371138E29B00FA237A /* ZeroKitPreferencesWindow.xib in Resources */,
			);
			runOnlyForDeploymentPostprocessing = 0;
		};
/* End PBXResourcesBuildPhase section */

/* Begin PBXShellScriptBuildPhase section */
		0715863F1143460D003D3454 /* Run Script: Include Git commit hash */ = {
			isa = PBXShellScriptBuildPhase;
			buildActionMask = 2147483647;
			files = (
			);
			inputPaths = (
			);
			name = "Run Script: Include Git commit hash";
			outputPaths = (
			);
			runOnlyForDeploymentPostprocessing = 0;
			shellPath = /usr/bin/ruby;
			shellScript = "raise \"Must be executed from within Xcode.\" unless ENV['XCODE_VERSION_ACTUAL']\n\ninfo_plist = \"#{ENV['BUILT_PRODUCTS_DIR']}/#{ENV['WRAPPER_NAME']}/Resources/Info.plist\"\n\nif !File.exist?('/usr/local/bin/git')\n    exit\nend\n\ncommit = `/usr/local/bin/git rev-parse --short HEAD`.chomp!\n\nif commit.nil? or commit.empty?\n    exit\nend\n\nlines = IO.readlines(info_plist).join\n\nlines.gsub! /(<key>CFBundleShortVersionString<\\/key>\\W*)<string>(\\d+\\.\\d+(?:\\.\\d)*[a-z]?)<\\/string>/, \"\\\\1<string>\\\\2 rev. #{commit}</string>\"\n\nFile.open(info_plist, 'w') { |f| f.puts lines }";
		};
/* End PBXShellScriptBuildPhase section */

/* Begin PBXSourcesBuildPhase section */
		8DC2EF540486A6940098B216 /* Sources */ = {
			isa = PBXSourcesBuildPhase;
			buildActionMask = 2147483647;
			files = (
				2D8AA347148D49430032D9E3 /* NSAttributedStringAdditions.m in Sources */,
				07E925881355344A00ECC319 /* NSStringAdditions.m in Sources */,
				2DBF58E014742BAE00419F7E /* ZeroKitAccessibilityElement.m in Sources */,
				2DBF58F814742CA100419F7E /* ZeroKitHotKey.m in Sources */,
				2DBF58FA14742CA100419F7E /* ZeroKitHotKeyAction.m in Sources */,
				2DBF58EE14742C8600419F7E /* ZeroKitHotKeyRecorder.m in Sources */,
				2DBF58F014742C8600419F7E /* ZeroKitHotKeyRecorderCell.m in Sources */,
				2DBF58E814742C7700419F7E /* ZeroKitHotKeyTranslator.m in Sources */,
				0789F621148DABBE00929A10 /* ZeroKitHotKeyValidator.m in Sources */,
				07172B8011377CF90058CFF9 /* ZeroKitPreferencePaneManager.m in Sources */,
				07172B8B11377D490058CFF9 /* ZeroKitPreferencesWindowController.m in Sources */,
				07E9257413552F5100ECC319 /* ZeroKitURLConnection.m in Sources */,
				07E9257013552F3F00ECC319 /* ZeroKitURLConnectionManager.m in Sources */,
				07172B7C11377CD90058CFF9 /* ZeroKitUtilities.m in Sources */,
			);
			runOnlyForDeploymentPostprocessing = 0;
		};
/* End PBXSourcesBuildPhase section */

/* Begin PBXVariantGroup section */
		0715853511432B88003D3454 /* InfoPlist.strings */ = {
			isa = PBXVariantGroup;
			children = (
				0715853611432B88003D3454 /* English */,
			);
			name = InfoPlist.strings;
			sourceTree = "<group>";
		};
		07B6B74C148AD820003F924A /* Localizable.strings */ = {
			isa = PBXVariantGroup;
			children = (
				07B6B74D148AD820003F924A /* English */,
			);
			name = Localizable.strings;
			sourceTree = "<group>";
		};
		07D91E351138E29B00FA237A /* ZeroKitPreferencesWindow.xib */ = {
			isa = PBXVariantGroup;
			children = (
				07D91E361138E29B00FA237A /* English */,
			);
			name = ZeroKitPreferencesWindow.xib;
			sourceTree = "<group>";
		};
/* End PBXVariantGroup section */

/* Begin XCBuildConfiguration section */
		1DEB91AE08733DA50010E9CD /* Development */ = {
			isa = XCBuildConfiguration;
			baseConfigurationReference = 07172B27113777FF0058CFF9 /* ZeroKitDevelopment.xcconfig */;
			buildSettings = {
				COMBINE_HIDPI_IMAGES = YES;
				VERSION_INFO_FILE = "";
			};
			name = Development;
		};
		1DEB91AF08733DA50010E9CD /* Release */ = {
			isa = XCBuildConfiguration;
			baseConfigurationReference = 07172B28113777FF0058CFF9 /* ZeroKitRelease.xcconfig */;
			buildSettings = {
				COMBINE_HIDPI_IMAGES = YES;
				VERSION_INFO_FILE = "";
			};
			name = Release;
		};
		1DEB91B208733DA50010E9CD /* Development */ = {
			isa = XCBuildConfiguration;
			baseConfigurationReference = 07172B24113777FF0058CFF9 /* CommonDevelopment.xcconfig */;
			buildSettings = {
			};
			name = Development;
		};
		1DEB91B308733DA50010E9CD /* Release */ = {
			isa = XCBuildConfiguration;
			baseConfigurationReference = 07172B25113777FF0058CFF9 /* CommonRelease.xcconfig */;
			buildSettings = {
			};
			name = Release;
		};
/* End XCBuildConfiguration section */

/* Begin XCConfigurationList section */
		1DEB91AD08733DA50010E9CD /* Build configuration list for PBXNativeTarget "ZeroKit" */ = {
			isa = XCConfigurationList;
			buildConfigurations = (
				1DEB91AE08733DA50010E9CD /* Development */,
				1DEB91AF08733DA50010E9CD /* Release */,
			);
			defaultConfigurationIsVisible = 0;
			defaultConfigurationName = Release;
		};
		1DEB91B108733DA50010E9CD /* Build configuration list for PBXProject "ZeroKit" */ = {
			isa = XCConfigurationList;
			buildConfigurations = (
				1DEB91B208733DA50010E9CD /* Development */,
				1DEB91B308733DA50010E9CD /* Release */,
			);
			defaultConfigurationIsVisible = 0;
			defaultConfigurationName = Release;
		};
/* End XCConfigurationList section */
	};
	rootObject = 0867D690FE84028FC02AAC07 /* Project object */;
}
